
Microsoft Visual Studio Solution File, Format Version 12.00
# Visual Studio 14
VisualStudioVersion = 14.0.25420.1
MinimumVisualStudioVersion = 10.0.40219.1
Project("{FAE04EC0-301F-11D3-BF4B-00C04F79EFBC}") = "MealSharersApplication", "MealSharersApplication\MealSharersApplication.csproj", "{DA2E81AB-7853-40EC-BD9B-3EE0B27AD02E}"
EndProject
Project("{F088123C-0E9E-452A-89E6-6BA2F21D5CAC}") = "ModelingCoursework2", "ModelingCoursework2\ModelingCoursework2\ModelingCoursework2.modelproj", "{89470D7C-4E4D-4F80-AB54-BC12FADA8F37}"
EndProject
Global
	GlobalSection(SolutionConfigurationPlatforms) = preSolution
		Debug|Any CPU = Debug|Any CPU
		Release|Any CPU = Release|Any CPU
	EndGlobalSection
	GlobalSection(ProjectConfigurationPlatforms) = postSolution
		{DA2E81AB-7853-40EC-BD9B-3EE0B27AD02E}.Debug|Any CPU.ActiveCfg = Debug|Any CPU
		{DA2E81AB-7853-40EC-BD9B-3EE0B27AD02E}.Debug|Any CPU.Build.0 = Debug|Any CPU
		{DA2E81AB-7853-40EC-BD9B-3EE0B27AD02E}.Release|Any CPU.ActiveCfg = Release|Any CPU
		{DA2E81AB-7853-40EC-BD9B-3EE0B27AD02E}.Release|Any CPU.Build.0 = Release|Any CPU
		{89470D7C-4E4D-4F80-AB54-BC12FADA8F37}.Debug|Any CPU.ActiveCfg = Debug|Any CPU
		{89470D7C-4E4D-4F80-AB54-BC12FADA8F37}.Debug|Any CPU.Build.0 = Debug|Any CPU
		{89470D7C-4E4D-4F80-AB54-BC12FADA8F37}.Release|Any CPU.ActiveCfg = Release|Any CPU
		{89470D7C-4E4D-4F80-AB54-BC12FADA8F37}.Release|Any CPU.Build.0 = Release|Any CPU
	EndGlobalSection
	GlobalSection(SolutionProperties) = preSolution
		HideSolutionNode = FALSE
	EndGlobalSection
EndGlobal
